
Microsoft Visual Studio Solution File, Format Version 12.00
# Visual Studio 2015
Project("{FAE04EC0-301F-11D3-BF4B-00C04F79EFBC}") = "Ratatest", "Ratatest.csproj", "{047FCA8F-5CBB-80F2-AA55-8F12A0126D34}"
EndProject
Project("{FAE04EC0-301F-11D3-BF4B-00C04F79EFBC}") = "Ratatest.Editor", "Ratatest.Editor.csproj", "{8BA829F8-706B-D86B-DC4F-727CF938DD1C}"
EndProject
Global
	GlobalSection(SolutionConfigurationPlatforms) = preSolution
		Debug|Any CPU = Debug|Any CPU
		Release|Any CPU = Release|Any CPU
	EndGlobalSection
	GlobalSection(ProjectConfigurationPlatforms) = postSolution
		{047FCA8F-5CBB-80F2-AA55-8F12A0126D34}.Debug|Any CPU.ActiveCfg = Debug|Any CPU
		{047FCA8F-5CBB-80F2-AA55-8F12A0126D34}.Debug|Any CPU.Build.0 = Debug|Any CPU
		{047FCA8F-5CBB-80F2-AA55-8F12A0126D34}.Release|Any CPU.ActiveCfg = Release|Any CPU
		{047FCA8F-5CBB-80F2-AA55-8F12A0126D34}.Release|Any CPU.Build.0 = Release|Any CPU
		{8BA829F8-706B-D86B-DC4F-727CF938DD1C}.Debug|Any CPU.ActiveCfg = Debug|Any CPU
		{8BA829F8-706B-D86B-DC4F-727CF938DD1C}.Debug|Any CPU.Build.0 = Debug|Any CPU
		{8BA829F8-706B-D86B-DC4F-727CF938DD1C}.Release|Any CPU.ActiveCfg = Release|Any CPU
		{8BA829F8-706B-D86B-DC4F-727CF938DD1C}.Release|Any CPU.Build.0 = Release|Any CPU
	EndGlobalSection
	GlobalSection(SolutionProperties) = preSolution
		HideSolutionNode = FALSE
	EndGlobalSection
EndGlobal
